// !$*UTF8*$!
{
	archiveVersion = 1;
	classes = {
	};
	objectVersion = 50;
	objects = {

/* Begin PBXBuildFile section */
		70D2DCAE58E1EF14728B8C8D /* Pods_warning.framework in Frameworks */ = {isa = PBXBuildFile; fileRef = 37729204B55E675597EBD0C0 /* Pods_warning.framework */; };
		AFF20E2D2705EACB00AF507F /* AppDelegate.swift in Sources */ = {isa = PBXBuildFile; fileRef = AFF20E2C2705EACB00AF507F /* AppDelegate.swift */; };
		AFF20E2F2705EACB00AF507F /* SceneDelegate.swift in Sources */ = {isa = PBXBuildFile; fileRef = AFF20E2E2705EACB00AF507F /* SceneDelegate.swift */; };
		AFF20E312705EACB00AF507F /* ViewController.swift in Sources */ = {isa = PBXBuildFile; fileRef = AFF20E302705EACB00AF507F /* ViewController.swift */; };
		AFF20E342705EACB00AF507F /* Main.storyboard in Resources */ = {isa = PBXBuildFile; fileRef = AFF20E322705EACB00AF507F /* Main.storyboard */; };
		AFF20E362705EACE00AF507F /* Assets.xcassets in Resources */ = {isa = PBXBuildFile; fileRef = AFF20E352705EACE00AF507F /* Assets.xcassets */; };
		AFF20E392705EACE00AF507F /* LaunchScreen.storyboard in Resources */ = {isa = PBXBuildFile; fileRef = AFF20E372705EACE00AF507F /* LaunchScreen.storyboard */; };
		AFF20E412705EB4200AF507F /* GoogleService-Info.plist in Resources */ = {isa = PBXBuildFile; fileRef = AFF20E402705EB4200AF507F /* GoogleService-Info.plist */; };
/* End PBXBuildFile section */

/* Begin PBXFileReference section */
		37729204B55E675597EBD0C0 /* Pods_warning.framework */ = {isa = PBXFileReference; explicitFileType = wrapper.framework; includeInIndex = 0; path = Pods_warning.framework; sourceTree = BUILT_PRODUCTS_DIR; };
		831D90E761D42683F56A2A4E /* Pods-warning.release.xcconfig */ = {isa = PBXFileReference; includeInIndex = 1; lastKnownFileType = text.xcconfig; name = "Pods-warning.release.xcconfig"; path = "Target Support Files/Pods-warning/Pods-warning.release.xcconfig"; sourceTree = "<group>"; };
		AFF20E292705EACB00AF507F /* warning.app */ = {isa = PBXFileReference; explicitFileType = wrapper.application; includeInIndex = 0; path = warning.app; sourceTree = BUILT_PRODUCTS_DIR; };
		AFF20E2C2705EACB00AF507F /* AppDelegate.swift */ = {isa = PBXFileReference; lastKnownFileType = sourcecode.swift; path = AppDelegate.swift; sourceTree = "<group>"; };
		AFF20E2E2705EACB00AF507F /* SceneDelegate.swift */ = {isa = PBXFileReference; lastKnownFileType = sourcecode.swift; path = SceneDelegate.swift; sourceTree = "<group>"; };
		AFF20E302705EACB00AF507F /* ViewController.swift */ = {isa = PBXFileReference; lastKnownFileType = sourcecode.swift; path = ViewController.swift; sourceTree = "<group>"; };
		AFF20E332705EACB00AF507F /* Base */ = {isa = PBXFileReference; lastKnownFileType = file.storyboard; name = Base; path = Base.lproj/Main.storyboard; sourceTree = "<group>"; };
		AFF20E352705EACE00AF507F /* Assets.xcassets */ = {isa = PBXFileReference; lastKnownFileType = folder.assetcatalog; path = Assets.xcassets; sourceTree = "<group>"; };
		AFF20E382705EACE00AF507F /* Base */ = {isa = PBXFileReference; lastKnownFileType = file.storyboard; name = Base; path = Base.lproj/LaunchScreen.storyboard; sourceTree = "<group>"; };
		AFF20E3A2705EACE00AF507F /* Info.plist */ = {isa = PBXFileReference; lastKnownFileType = text.plist.xml; path = Info.plist; sourceTree = "<group>"; };
		AFF20E402705EB4200AF507F /* GoogleService-Info.plist */ = {isa = PBXFileReference; fileEncoding = 4; lastKnownFileType = text.plist.xml; path = "GoogleService-Info.plist"; sourceTree = "<group>"; };
		D5A50E47CD7874DBBFBD87BC /* Pods-warning.debug.xcconfig */ = {isa = PBXFileReference; includeInIndex = 1; lastKnownFileType = text.xcconfig; name = "Pods-warning.debug.xcconfig"; path = "Target Support Files/Pods-warning/Pods-warning.debug.xcconfig"; sourceTree = "<group>"; };
/* End PBXFileReference section */

/* Begin PBXFrameworksBuildPhase section */
		AFF20E262705EACB00AF507F /* Frameworks */ = {
			isa = PBXFrameworksBuildPhase;
			buildActionMask = 2147483647;
			files = (
				70D2DCAE58E1EF14728B8C8D /* Pods_warning.framework in Frameworks */,
			);
			runOnlyForDeploymentPostprocessing = 0;
		};
/* End PBXFrameworksBuildPhase section */

/* Begin PBXGroup section */
		2E01FB7A1F5AFC5C0CAFC91B /* Frameworks */ = {
			isa = PBXGroup;
			children = (
				37729204B55E675597EBD0C0 /* Pods_warning.framework */,
			);
			name = Frameworks;
			sourceTree = "<group>";
		};
		AFF20E202705EACA00AF507F = {
			isa = PBXGroup;
			children = (
				AFF20E2B2705EACB00AF507F /* warning */,
				AFF20E2A2705EACB00AF507F /* Products */,
				EB6D43A0F3D93003E5C41C01 /* Pods */,
				2E01FB7A1F5AFC5C0CAFC91B /* Frameworks */,
			);
			sourceTree = "<group>";
		};
		AFF20E2A2705EACB00AF507F /* Products */ = {
			isa = PBXGroup;
			children = (
				AFF20E292705EACB00AF507F /* warning.app */,
			);
			name = Products;
			sourceTree = "<group>";
		};
		AFF20E2B2705EACB00AF507F /* warning */ = {
			isa = PBXGroup;
			children = (
				AFF20E2C2705EACB00AF507F /* AppDelegate.swift */,
				AFF20E2E2705EACB00AF507F /* SceneDelegate.swift */,
				AFF20E402705EB4200AF507F /* GoogleService-Info.plist */,
				AFF20E302705EACB00AF507F /* ViewController.swift */,
				AFF20E322705EACB00AF507F /* Main.storyboard */,
				AFF20E352705EACE00AF507F /* Assets.xcassets */,
				AFF20E372705EACE00AF507F /* LaunchScreen.storyboard */,
				AFF20E3A2705EACE00AF507F /* Info.plist */,
			);
			path = warning;
			sourceTree = "<group>";
		};
		EB6D43A0F3D93003E5C41C01 /* Pods */ = {
			isa = PBXGroup;
			children = (
				D5A50E47CD7874DBBFBD87BC /* Pods-warning.debug.xcconfig */,
				831D90E761D42683F56A2A4E /* Pods-warning.release.xcconfig */,
			);
			name = Pods;
			path = Pods;
			sourceTree = "<group>";
		};
/* End PBXGroup section */

/* Begin PBXNativeTarget section */
		AFF20E282705EACB00AF507F /* warning */ = {
			isa = PBXNativeTarget;
			buildConfigurationList = AFF20E3D2705EACE00AF507F /* Build configuration list for PBXNativeTarget "warning" */;
			buildPhases = (
				E84678B99213AF1A6C6307E2 /* [CP] Check Pods Manifest.lock */,
				AFF20E252705EACB00AF507F /* Sources */,
				AFF20E262705EACB00AF507F /* Frameworks */,
				AFF20E272705EACB00AF507F /* Resources */,
				FFFCDD2C2120304630C691A5 /* [CP] Embed Pods Frameworks */,
			);
			buildRules = (
			);
			dependencies = (
			);
			name = warning;
			productName = warning;
			productReference = AFF20E292705EACB00AF507F /* warning.app */;
			productType = "com.apple.product-type.application";
		};
/* End PBXNativeTarget section */

/* Begin PBXProject section */
		AFF20E212705EACA00AF507F /* Project object */ = {
			isa = PBXProject;
			attributes = {
				LastSwiftUpdateCheck = 1250;
				LastUpgradeCheck = 1250;
				TargetAttributes = {
					AFF20E282705EACB00AF507F = {
						CreatedOnToolsVersion = 12.5.1;
					};
				};
			};
			buildConfigurationList = AFF20E242705EACA00AF507F /* Build configuration list for PBXProject "warning" */;
			compatibilityVersion = "Xcode 9.3";
			developmentRegion = en;
			hasScannedForEncodings = 0;
			knownRegions = (
				en,
				Base,
			);
			mainGroup = AFF20E202705EACA00AF507F;
			productRefGroup = AFF20E2A2705EACB00AF507F /* Products */;
			projectDirPath = "";
			projectRoot = "";
			targets = (
				AFF20E282705EACB00AF507F /* warning */,
			);
		};
/* End PBXProject section */

/* Begin PBXResourcesBuildPhase section */
		AFF20E272705EACB00AF507F /* Resources */ = {
			isa = PBXResourcesBuildPhase;
			buildActionMask = 2147483647;
			files = (
				AFF20E392705EACE00AF507F /* LaunchScreen.storyboard in Resources */,
				AFF20E412705EB4200AF507F /* GoogleService-Info.plist in Resources */,
				AFF20E362705EACE00AF507F /* Assets.xcassets in Resources */,
				AFF20E342705EACB00AF507F /* Main.storyboard in Resources */,
			);
			runOnlyForDeploymentPostprocessing = 0;
		};
/* End PBXResourcesBuildPhase section */

/* Begin PBXShellScriptBuildPhase section */
		E84678B99213AF1A6C6307E2 /* [CP] Check Pods Manifest.lock */ = {
			isa = PBXShellScriptBuildPhase;
			buildActionMask = 2147483647;
			files = (
			);
			inputFileListPaths = (
			);
			inputPaths = (
				"${PODS_PODFILE_DIR_PATH}/Podfile.lock",
				"${PODS_ROOT}/Manifest.lock",
			);
			name = "[CP] Check Pods Manifest.lock";
			outputFileListPaths = (
			);
			outputPaths = (
				"$(DERIVED_FILE_DIR)/Pods-warning-checkManifestLockResult.txt",
			);
			runOnlyForDeploymentPostprocessing = 0;
			shellPath = /bin/sh;
			shellScript = "diff \"${PODS_PODFILE_DIR_PATH}/Podfile.lock\" \"${PODS_ROOT}/Manifest.lock\" > /dev/null\nif [ $? != 0 ] ; then\n    # print error to STDERR\n    echo \"error: The sandbox is not in sync with the Podfile.lock. Run 'pod install' or update your CocoaPods installation.\" >&2\n    exit 1\nfi\n# This output is used by Xcode 'outputs' to avoid re-running this script phase.\necho \"SUCCESS\" > \"${SCRIPT_OUTPUT_FILE_0}\"\n";
			showEnvVarsInLog = 0;
		};
		FFFCDD2C2120304630C691A5 /* [CP] Embed Pods Frameworks */ = {
			isa = PBXShellScriptBuildPhase;
			buildActionMask = 2147483647;
			files = (
			);
			inputFileListPaths = (
				"${PODS_ROOT}/Target Support Files/Pods-warning/Pods-warning-frameworks-${CONFIGURATION}-input-files.xcfilelist",
			);
			name = "[CP] Embed Pods Frameworks";
			outputFileListPaths = (
				"${PODS_ROOT}/Target Support Files/Pods-warning/Pods-warning-frameworks-${CONFIGURATION}-output-files.xcfilelist",
			);
			runOnlyForDeploymentPostprocessing = 0;
			shellPath = /bin/sh;
			shellScript = "\"${PODS_ROOT}/Target Support Files/Pods-warning/Pods-warning-frameworks.sh\"\n";
			showEnvVarsInLog = 0;
		};
/* End PBXShellScriptBuildPhase section */

/* Begin PBXSourcesBuildPhase section */
		AFF20E252705EACB00AF507F /* Sources */ = {
			isa = PBXSourcesBuildPhase;
			buildActionMask = 2147483647;
			files = (
				AFF20E312705EACB00AF507F /* ViewController.swift in Sources */,
				AFF20E2D2705EACB00AF507F /* AppDelegate.swift in Sources */,
				AFF20E2F2705EACB00AF507F /* SceneDelegate.swift in Sources */,
			);
			runOnlyForDeploymentPostprocessing = 0;
		};
/* End PBXSourcesBuildPhase section */

/* Begin PBXVariantGroup section */
		AFF20E322705EACB00AF507F /* Main.storyboard */ = {
			isa = PBXVariantGroup;
			children = (
				AFF20E332705EACB00AF507F /* Base */,
			);
			name = Main.storyboard;
			sourceTree = "<group>";
		};
		AFF20E372705EACE00AF507F /* LaunchScreen.storyboard */ = {
			isa = PBXVariantGroup;
			children = (
				AFF20E382705EACE00AF507F /* Base */,
			);
			name = LaunchScreen.storyboard;
			sourceTree = "<group>";
		};
/* End PBXVariantGroup section */

/* Begin XCBuildConfiguration section */
		AFF20E3B2705EACE00AF507F /* Debug */ = {
			isa = XCBuildConfiguration;
			buildSettings = {
				ALWAYS_SEARCH_USER_PATHS = NO;
				CLANG_ANALYZER_NONNULL = YES;
				CLANG_ANALYZER_NUMBER_OBJECT_CONVERSION = YES_AGGRESSIVE;
				CLANG_CXX_LANGUAGE_STANDARD = "gnu++14";
				CLANG_CXX_LIBRARY = "libc++";
				CLANG_ENABLE_MODULES = YES;
				CLANG_ENABLE_OBJC_ARC = YES;
				CLANG_ENABLE_OBJC_WEAK = YES;
				CLANG_WARN_BLOCK_CAPTURE_AUTORELEASING = YES;
				CLANG_WARN_BOOL_CONVERSION = YES;
				CLANG_WARN_COMMA = YES;
				CLANG_WARN_CONSTANT_CONVERSION = YES;
				CLANG_WARN_DEPRECATED_OBJC_IMPLEMENTATIONS = YES;
				CLANG_WARN_DIRECT_OBJC_ISA_USAGE = YES_ERROR;
				CLANG_WARN_DOCUMENTATION_COMMENTS = YES;
				CLANG_WARN_EMPTY_BODY = YES;
				CLANG_WARN_ENUM_CONVERSION = YES;
				CLANG_WARN_INFINITE_RECURSION = YES;
				CLANG_WARN_INT_CONVERSION = YES;
				CLANG_WARN_NON_LITERAL_NULL_CONVERSION = YES;
				CLANG_WARN_OBJC_IMPLICIT_RETAIN_SELF = YES;
				CLANG_WARN_OBJC_LITERAL_CONVERSION = YES;
				CLANG_WARN_OBJC_ROOT_CLASS = YES_ERROR;
				CLANG_WARN_QUOTED_INCLUDE_IN_FRAMEWORK_HEADER = YES;
				CLANG_WARN_RANGE_LOOP_ANALYSIS = YES;
				CLANG_WARN_STRICT_PROTOTYPES = YES;
				CLANG_WARN_SUSPICIOUS_MOVE = YES;
				CLANG_WARN_UNGUARDED_AVAILABILITY = YES_AGGRESSIVE;
				CLANG_WARN_UNREACHABLE_CODE = YES;
				CLANG_WARN__DUPLICATE_METHOD_MATCH = YES;
				COPY_PHASE_STRIP = NO;
				DEBUG_INFORMATION_FORMAT = dwarf;
				ENABLE_STRICT_OBJC_MSGSEND = YES;
				ENABLE_TESTABILITY = YES;
				GCC_C_LANGUAGE_STANDARD = gnu11;
				GCC_DYNAMIC_NO_PIC = NO;
				GCC_NO_COMMON_BLOCKS = YES;
				GCC_OPTIMIZATION_LEVEL = 0;
				GCC_PREPROCESSOR_DEFINITIONS = (
					"DEBUG=1",
					"$(inherited)",
				);
				GCC_WARN_64_TO_32_BIT_CONVERSION = YES;
				GCC_WARN_ABOUT_RETURN_TYPE = YES_ERROR;
				GCC_WARN_UNDECLARED_SELECTOR = YES;
				GCC_WARN_UNINITIALIZED_AUTOS = YES_AGGRESSIVE;
				GCC_WARN_UNUSED_FUNCTION = YES;
				GCC_WARN_UNUSED_VARIABLE = YES;
				IPHONEOS_DEPLOYMENT_TARGET = 14.5;
				MTL_ENABLE_DEBUG_INFO = INCLUDE_SOURCE;
				MTL_FAST_MATH = YES;
				ONLY_ACTIVE_ARCH = YES;
				SDKROOT = iphoneos;
				SWIFT_ACTIVE_COMPILATION_CONDITIONS = DEBUG;
				SWIFT_OPTIMIZATION_LEVEL = "-Onone";
			};
			name = Debug;
		};
		AFF20E3C2705EACE00AF507F /* Release */ = {
			isa = XCBuildConfiguration;
			buildSettings = {
				ALWAYS_SEARCH_USER_PATHS = NO;
				CLANG_ANALYZER_NONNULL = YES;
				CLANG_ANALYZER_NUMBER_OBJECT_CONVERSION = YES_AGGRESSIVE;
				CLANG_CXX_LANGUAGE_STANDARD = "gnu++14";
				CLANG_CXX_LIBRARY = "libc++";
				CLANG_ENABLE_MODULES = YES;
				CLANG_ENABLE_OBJC_ARC = YES;
				CLANG_ENABLE_OBJC_WEAK = YES;
				CLANG_WARN_BLOCK_CAPTURE_AUTORELEASING = YES;
				CLANG_WARN_BOOL_CONVERSION = YES;
				CLANG_WARN_COMMA = YES;
				CLANG_WARN_CONSTANT_CONVERSION = YES;
				CLANG_WARN_DEPRECATED_OBJC_IMPLEMENTATIONS = YES;
				CLANG_WARN_DIRECT_OBJC_ISA_USAGE = YES_ERROR;
				CLANG_WARN_DOCUMENTATION_COMMENTS = YES;
				CLANG_WARN_EMPTY_BODY = YES;
				CLANG_WARN_ENUM_CONVERSION = YES;
				CLANG_WARN_INFINITE_RECURSION = YES;
				CLANG_WARN_INT_CONVERSION = YES;
				CLANG_WARN_NON_LITERAL_NULL_CONVERSION = YES;
				CLANG_WARN_OBJC_IMPLICIT_RETAIN_SELF = YES;
				CLANG_WARN_OBJC_LITERAL_CONVERSION = YES;
				CLANG_WARN_OBJC_ROOT_CLASS = YES_ERROR;
				CLANG_WARN_QUOTED_INCLUDE_IN_FRAMEWORK_HEADER = YES;
				CLANG_WARN_RANGE_LOOP_ANALYSIS = YES;
				CLANG_WARN_STRICT_PROTOTYPES = YES;
				CLANG_WARN_SUSPICIOUS_MOVE = YES;
				CLANG_WARN_UNGUARDED_AVAILABILITY = YES_AGGRESSIVE;
				CLANG_WARN_UNREACHABLE_CODE = YES;
				CLANG_WARN__DUPLICATE_METHOD_MATCH = YES;
				COPY_PHASE_STRIP = NO;
				DEBUG_INFORMATION_FORMAT = "dwarf-with-dsym";
				ENABLE_NS_ASSERTIONS = NO;
				ENABLE_STRICT_OBJC_MSGSEND = YES;
				GCC_C_LANGUAGE_STANDARD = gnu11;
				GCC_NO_COMMON_BLOCKS = YES;
				GCC_WARN_64_TO_32_BIT_CONVERSION = YES;
				GCC_WARN_ABOUT_RETURN_TYPE = YES_ERROR;
				GCC_WARN_UNDECLARED_SELECTOR = YES;
				GCC_WARN_UNINITIALIZED_AUTOS = YES_AGGRESSIVE;
				GCC_WARN_UNUSED_FUNCTION = YES;
				GCC_WARN_UNUSED_VARIABLE = YES;
				IPHONEOS_DEPLOYMENT_TARGET = 14.5;
				MTL_ENABLE_DEBUG_INFO = NO;
				MTL_FAST_MATH = YES;
				SDKROOT = iphoneos;
				SWIFT_COMPILATION_MODE = wholemodule;
				SWIFT_OPTIMIZATION_LEVEL = "-O";
				VALIDATE_PRODUCT = YES;
			};
			name = Release;
		};
		AFF20E3E2705EACE00AF507F /* Debug */ = {
			isa = XCBuildConfiguration;
			baseConfigurationReference = D5A50E47CD7874DBBFBD87BC /* Pods-warning.debug.xcconfig */;
			buildSettings = {
				ASSETCATALOG_COMPILER_APPICON_NAME = AppIcon;
				ASSETCATALOG_COMPILER_GLOBAL_ACCENT_COLOR_NAME = AccentColor;
				CODE_SIGN_STYLE = Automatic;
				DEVELOPMENT_TEAM = P9NDMSW4DC;
				INFOPLIST_FILE = warning/Info.plist;
				LD_RUNPATH_SEARCH_PATHS = (
					"$(inherited)",
					"@executable_path/Frameworks",
				);
				PRODUCT_BUNDLE_IDENTIFIER = com.junseole.warning;
				PRODUCT_NAME = "$(TARGET_NAME)";
				SWIFT_VERSION = 5.0;
				TARGETED_DEVICE_FAMILY = "1,2";
			};
			name = Debug;
		};
		AFF20E3F2705EACE00AF507F /* Release */ = {
			isa = XCBuildConfiguration;
			baseConfigurationReference = 831D90E761D42683F56A2A4E /* Pods-warning.release.xcconfig */;
			buildSettings = {
				ASSETCATALOG_COMPILER_APPICON_NAME = AppIcon;
				ASSETCATALOG_COMPILER_GLOBAL_ACCENT_COLOR_NAME = AccentColor;
				CODE_SIGN_STYLE = Automatic;
				DEVELOPMENT_TEAM = P9NDMSW4DC;
				INFOPLIST_FILE = warning/Info.plist;
				LD_RUNPATH_SEARCH_PATHS = (
					"$(inherited)",
					"@executable_path/Frameworks",
				);
				PRODUCT_BUNDLE_IDENTIFIER = com.junseole.warning;
				PRODUCT_NAME = "$(TARGET_NAME)";
				SWIFT_VERSION = 5.0;
				TARGETED_DEVICE_FAMILY = "1,2";
			};
			name = Release;
		};
/* End XCBuildConfiguration section */

/* Begin XCConfigurationList section */
		AFF20E242705EACA00AF507F /* Build configuration list for PBXProject "warning" */ = {
			isa = XCConfigurationList;
			buildConfigurations = (
				AFF20E3B2705EACE00AF507F /* Debug */,
				AFF20E3C2705EACE00AF507F /* Release */,
			);
			defaultConfigurationIsVisible = 0;
			defaultConfigurationName = Release;
		};
		AFF20E3D2705EACE00AF507F /* Build configuration list for PBXNativeTarget "warning" */ = {
			isa = XCConfigurationList;
			buildConfigurations = (
				AFF20E3E2705EACE00AF507F /* Debug */,
				AFF20E3F2705EACE00AF507F /* Release */,
			);
			defaultConfigurationIsVisible = 0;
			defaultConfigurationName = Release;
		};
/* End XCConfigurationList section */
	};
	rootObject = AFF20E212705EACA00AF507F /* Project object */;
}
